
Microsoft Visual Studio Solution File, Format Version 12.00
# Visual Studio Version 17
VisualStudioVersion = 17.4.33213.308
MinimumVisualStudioVersion = 10.0.40219.1
Project("{9A19103F-16F7-4668-BE54-9A1E7A4F7556}") = "LordSolutions", "LordSolutions\LordSolutions.csproj", "{054FA62F-A1F8-492A-A304-C9B50D9AC10B}"
EndProject
Global
	GlobalSection(SolutionConfigurationPlatforms) = preSolution
		Debug|Any CPU = Debug|Any CPU
		Release|Any CPU = Release|Any CPU
	EndGlobalSection
	GlobalSection(ProjectConfigurationPlatforms) = postSolution
		{054FA62F-A1F8-492A-A304-C9B50D9AC10B}.Debug|Any CPU.ActiveCfg = Debug|Any CPU
		{054FA62F-A1F8-492A-A304-C9B50D9AC10B}.Debug|Any CPU.Build.0 = Debug|Any CPU
		{054FA62F-A1F8-492A-A304-C9B50D9AC10B}.Release|Any CPU.ActiveCfg = Release|Any CPU
		{054FA62F-A1F8-492A-A304-C9B50D9AC10B}.Release|Any CPU.Build.0 = Release|Any CPU
	EndGlobalSection
	GlobalSection(SolutionProperties) = preSolution
		HideSolutionNode = FALSE
	EndGlobalSection
	GlobalSection(ExtensibilityGlobals) = postSolution
		SolutionGuid = {BF8A0591-D4DA-4B41-929D-4E4F3441B161}
	EndGlobalSection
EndGlobal
